
Microsoft Visual Studio Solution File, Format Version 12.00
# Visual Studio Version 17
VisualStudioVersion = 17.1.32228.430
MinimumVisualStudioVersion = 10.0.40219.1
Project("{9A19103F-16F7-4668-BE54-9A1E7A4F7556}") = "BlazorAppProjectMovie.Server", "BlazorAppProjectMovie\Server\BlazorAppProjectMovie.Server.csproj", "{D0524EA7-217F-4A1A-B898-8E79B6BEDF9E}"
EndProject
Project("{9A19103F-16F7-4668-BE54-9A1E7A4F7556}") = "BlazorAppProjectMovie.Client", "BlazorAppProjectMovie\Client\BlazorAppProjectMovie.Client.csproj", "{A62AD4B1-3298-42F9-B69D-F88C23BAD018}"
EndProject
Project("{9A19103F-16F7-4668-BE54-9A1E7A4F7556}") = "BlazorAppProjectMovie.Shared", "BlazorAppProjectMovie\Shared\BlazorAppProjectMovie.Shared.csproj", "{8D6752BB-7DD9-4FE8-BFA3-67312AC82A68}"
EndProject
Global
	GlobalSection(SolutionConfigurationPlatforms) = preSolution
		Debug|Any CPU = Debug|Any CPU
		Release|Any CPU = Release|Any CPU
	EndGlobalSection
	GlobalSection(ProjectConfigurationPlatforms) = postSolution
		{D0524EA7-217F-4A1A-B898-8E79B6BEDF9E}.Debug|Any CPU.ActiveCfg = Debug|Any CPU
		{D0524EA7-217F-4A1A-B898-8E79B6BEDF9E}.Debug|Any CPU.Build.0 = Debug|Any CPU
		{D0524EA7-217F-4A1A-B898-8E79B6BEDF9E}.Release|Any CPU.ActiveCfg = Release|Any CPU
		{D0524EA7-217F-4A1A-B898-8E79B6BEDF9E}.Release|Any CPU.Build.0 = Release|Any CPU
		{A62AD4B1-3298-42F9-B69D-F88C23BAD018}.Debug|Any CPU.ActiveCfg = Debug|Any CPU
		{A62AD4B1-3298-42F9-B69D-F88C23BAD018}.Debug|Any CPU.Build.0 = Debug|Any CPU
		{A62AD4B1-3298-42F9-B69D-F88C23BAD018}.Release|Any CPU.ActiveCfg = Release|Any CPU
		{A62AD4B1-3298-42F9-B69D-F88C23BAD018}.Release|Any CPU.Build.0 = Release|Any CPU
		{8D6752BB-7DD9-4FE8-BFA3-67312AC82A68}.Debug|Any CPU.ActiveCfg = Debug|Any CPU
		{8D6752BB-7DD9-4FE8-BFA3-67312AC82A68}.Debug|Any CPU.Build.0 = Debug|Any CPU
		{8D6752BB-7DD9-4FE8-BFA3-67312AC82A68}.Release|Any CPU.ActiveCfg = Release|Any CPU
		{8D6752BB-7DD9-4FE8-BFA3-67312AC82A68}.Release|Any CPU.Build.0 = Release|Any CPU
	EndGlobalSection
	GlobalSection(SolutionProperties) = preSolution
		HideSolutionNode = FALSE
	EndGlobalSection
	GlobalSection(ExtensibilityGlobals) = postSolution
		SolutionGuid = {06F0379D-7D99-42DE-BE2A-FDD7B3EA5336}
	EndGlobalSection
EndGlobal
